
Microsoft Visual Studio Solution File, Format Version 12.00
# Visual Studio Version 17
VisualStudioVersion = 17.13.35828.75 d17.13
MinimumVisualStudioVersion = 10.0.40219.1
Project("{FAE04EC0-301F-11D3-BF4B-00C04F79EFBC}") = "TestovoeMindBox", "TestovoeMindBox\TestovoeMindBox.csproj", "{6B566D55-9FB0-4F51-BF24-76D75E65C1A7}"
EndProject
Project("{FAE04EC0-301F-11D3-BF4B-00C04F79EFBC}") = "TestovoeMindBoxTests", "TestovoeMindBoxTests\TestovoeMindBoxTests.csproj", "{4105F5D6-C085-428D-8537-23E19B9C6B90}"
EndProject
Global
	GlobalSection(SolutionConfigurationPlatforms) = preSolution
		Debug|Any CPU = Debug|Any CPU
		Release|Any CPU = Release|Any CPU
	EndGlobalSection
	GlobalSection(ProjectConfigurationPlatforms) = postSolution
		{6B566D55-9FB0-4F51-BF24-76D75E65C1A7}.Debug|Any CPU.ActiveCfg = Debug|Any CPU
		{6B566D55-9FB0-4F51-BF24-76D75E65C1A7}.Debug|Any CPU.Build.0 = Debug|Any CPU
		{6B566D55-9FB0-4F51-BF24-76D75E65C1A7}.Release|Any CPU.ActiveCfg = Release|Any CPU
		{6B566D55-9FB0-4F51-BF24-76D75E65C1A7}.Release|Any CPU.Build.0 = Release|Any CPU
		{4105F5D6-C085-428D-8537-23E19B9C6B90}.Debug|Any CPU.ActiveCfg = Debug|Any CPU
		{4105F5D6-C085-428D-8537-23E19B9C6B90}.Debug|Any CPU.Build.0 = Debug|Any CPU
		{4105F5D6-C085-428D-8537-23E19B9C6B90}.Release|Any CPU.ActiveCfg = Release|Any CPU
		{4105F5D6-C085-428D-8537-23E19B9C6B90}.Release|Any CPU.Build.0 = Release|Any CPU
	EndGlobalSection
	GlobalSection(SolutionProperties) = preSolution
		HideSolutionNode = FALSE
	EndGlobalSection
	GlobalSection(ExtensibilityGlobals) = postSolution
		SolutionGuid = {41612C3B-7658-47D4-8C0A-9024E46E026C}
	EndGlobalSection
EndGlobal
